
Microsoft Visual Studio Solution File, Format Version 12.00
# Visual Studio 15
VisualStudioVersion = 15.0.27703.2042
MinimumVisualStudioVersion = 10.0.40219.1
Project("{9A19103F-16F7-4668-BE54-9A1E7A4F7556}") = "Mamemaki.EventFlow.HealthReporters.StdOutput", "Mamemaki.EventFlow.HealthReporters.StdOutput\Mamemaki.EventFlow.HealthReporters.StdOutput.csproj", "{6595F457-12BD-49C0-8D58-BDB049943538}"
EndProject
Project("{FAE04EC0-301F-11D3-BF4B-00C04F79EFBC}") = "PlayGround", "PlayGround\PlayGround.csproj", "{1D0713CF-FB74-414C-8D2C-4118F88890D9}"
EndProject
Global
	GlobalSection(SolutionConfigurationPlatforms) = preSolution
		Debug|Any CPU = Debug|Any CPU
		Release|Any CPU = Release|Any CPU
	EndGlobalSection
	GlobalSection(ProjectConfigurationPlatforms) = postSolution
		{6595F457-12BD-49C0-8D58-BDB049943538}.Debug|Any CPU.ActiveCfg = Debug|Any CPU
		{6595F457-12BD-49C0-8D58-BDB049943538}.Debug|Any CPU.Build.0 = Debug|Any CPU
		{6595F457-12BD-49C0-8D58-BDB049943538}.Release|Any CPU.ActiveCfg = Release|Any CPU
		{6595F457-12BD-49C0-8D58-BDB049943538}.Release|Any CPU.Build.0 = Release|Any CPU
		{1D0713CF-FB74-414C-8D2C-4118F88890D9}.Debug|Any CPU.ActiveCfg = Debug|Any CPU
		{1D0713CF-FB74-414C-8D2C-4118F88890D9}.Debug|Any CPU.Build.0 = Debug|Any CPU
		{1D0713CF-FB74-414C-8D2C-4118F88890D9}.Release|Any CPU.ActiveCfg = Release|Any CPU
		{1D0713CF-FB74-414C-8D2C-4118F88890D9}.Release|Any CPU.Build.0 = Release|Any CPU
	EndGlobalSection
	GlobalSection(SolutionProperties) = preSolution
		HideSolutionNode = FALSE
	EndGlobalSection
	GlobalSection(ExtensibilityGlobals) = postSolution
		SolutionGuid = {DA08A79D-CBAC-4735-8540-97433CBBB160}
	EndGlobalSection
EndGlobal
